
Microsoft Visual Studio Solution File, Format Version 12.00
# Visual Studio Version 16
VisualStudioVersion = 16.0.28803.352
MinimumVisualStudioVersion = 10.0.40219.1
Project("{FAE04EC0-301F-11D3-BF4B-00C04F79EFBC}") = "Domain.Persistence", "Domain.Persistence\Domain.Persistence.csproj", "{D74D2AE1-13ED-4407-B8F7-07063821A347}"
EndProject
Global
	GlobalSection(SolutionConfigurationPlatforms) = preSolution
		Debug|Any CPU = Debug|Any CPU
		Release|Any CPU = Release|Any CPU
	EndGlobalSection
	GlobalSection(ProjectConfigurationPlatforms) = postSolution
		{D74D2AE1-13ED-4407-B8F7-07063821A347}.Debug|Any CPU.ActiveCfg = Debug|Any CPU
		{D74D2AE1-13ED-4407-B8F7-07063821A347}.Debug|Any CPU.Build.0 = Debug|Any CPU
		{D74D2AE1-13ED-4407-B8F7-07063821A347}.Release|Any CPU.ActiveCfg = Release|Any CPU
		{D74D2AE1-13ED-4407-B8F7-07063821A347}.Release|Any CPU.Build.0 = Release|Any CPU
	EndGlobalSection
	GlobalSection(SolutionProperties) = preSolution
		HideSolutionNode = FALSE
	EndGlobalSection
	GlobalSection(ExtensibilityGlobals) = postSolution
		SolutionGuid = {34F7E125-49CC-4C7B-ADCD-02BBAB7CB300}
	EndGlobalSection
EndGlobal
